
Microsoft Visual Studio Solution File, Format Version 12.00
# Visual Studio Version 16
VisualStudioVersion = 25.0.1700.5
MinimumVisualStudioVersion = 10.0.40219.1
Project("{FAE04EC0-301F-11D3-BF4B-00C04F79EFBC}") = "felipehilst-d3-avaliacao", "felipehilst-d3-avaliacao\felipehilst-d3-avaliacao.csproj", "{B0B31743-341E-4E3F-8A9F-45A93C393A94}"
EndProject
Global
	GlobalSection(SolutionConfigurationPlatforms) = preSolution
		Debug|Any CPU = Debug|Any CPU
		Release|Any CPU = Release|Any CPU
	EndGlobalSection
	GlobalSection(ProjectConfigurationPlatforms) = postSolution
		{B0B31743-341E-4E3F-8A9F-45A93C393A94}.Debug|Any CPU.ActiveCfg = Debug|Any CPU
		{B0B31743-341E-4E3F-8A9F-45A93C393A94}.Debug|Any CPU.Build.0 = Debug|Any CPU
		{B0B31743-341E-4E3F-8A9F-45A93C393A94}.Release|Any CPU.ActiveCfg = Release|Any CPU
		{B0B31743-341E-4E3F-8A9F-45A93C393A94}.Release|Any CPU.Build.0 = Release|Any CPU
	EndGlobalSection
	GlobalSection(SolutionProperties) = preSolution
		HideSolutionNode = FALSE
	EndGlobalSection
	GlobalSection(ExtensibilityGlobals) = postSolution
		SolutionGuid = {7A0576BD-E0D1-491B-BC75-4ED78B0C75CC}
	EndGlobalSection
EndGlobal
